dependencies:
- name: superset
  repository: https://apache.github.io/superset
  version: 0.12.6
- name: oauth2-proxy
  repository: https://oauth2-proxy.github.io/manifests
  version: 6.24.1
- name: cert-manager
  repository: https://charts.jetstack.io
  version: v1.14.4
digest: sha256:e8c1784fed573db9dfc1cfec0c5317c2e195e8000ceb067aece86179c80903ee
generated: "2024-04-09T17:04:44.92924862+02:00"
