dependencies:
- name: superset
  repository: https://apache.github.io/superset
  version: 0.12.6
- name: oauth2-proxy
  repository: https://oauth2-proxy.github.io/manifests
  version: 6.24.1
- name: cert-manager
  repository: https://charts.jetstack.io
  version: v1.14.4
- name: postgresql
  repository: https://charts.bitnami.com/bitnami
  version: 15.2.5
- name: prefect-worker
  repository: https://prefecthq.github.io/prefect-helm
  version: 2024.5.29222000
- name: prefect-server
  repository: https://prefecthq.github.io/prefect-helm
  version: 2024.5.29222000
digest: sha256:dd4ce28f26f4d5e4a29ba52b818a64802b9e209317ddd979be2f27250d4fdc9a
generated: "2024-06-04T10:19:26.989694566+02:00"
